
Microsoft Visual Studio Solution File, Format Version 12.00
# Visual Studio Version 17
VisualStudioVersion = 17.6.33829.357
MinimumVisualStudioVersion = 10.0.40219.1
Project("{FAE04EC0-301F-11D3-BF4B-00C04F79EFBC}") = "PhotoEditor", "PhotoEditor\PhotoEditor.csproj", "{E586905E-492C-43DD-A581-4CAC82B42E85}"
EndProject
Global
	GlobalSection(SolutionConfigurationPlatforms) = preSolution
		Debug|Any CPU = Debug|Any CPU
		Release|Any CPU = Release|Any CPU
	EndGlobalSection
	GlobalSection(ProjectConfigurationPlatforms) = postSolution
		{E586905E-492C-43DD-A581-4CAC82B42E85}.Debug|Any CPU.ActiveCfg = Debug|Any CPU
		{E586905E-492C-43DD-A581-4CAC82B42E85}.Debug|Any CPU.Build.0 = Debug|Any CPU
		{E586905E-492C-43DD-A581-4CAC82B42E85}.Release|Any CPU.ActiveCfg = Release|Any CPU
		{E586905E-492C-43DD-A581-4CAC82B42E85}.Release|Any CPU.Build.0 = Release|Any CPU
	EndGlobalSection
	GlobalSection(SolutionProperties) = preSolution
		HideSolutionNode = FALSE
	EndGlobalSection
	GlobalSection(ExtensibilityGlobals) = postSolution
		SolutionGuid = {312FFF56-66D9-401E-84F3-FBA08E7F710B}
	EndGlobalSection
EndGlobal
